
Microsoft Visual Studio Solution File, Format Version 12.00
# Visual Studio Version 17
VisualStudioVersion = 17.3.32901.215
MinimumVisualStudioVersion = 10.0.40219.1
Project("{FAE04EC0-301F-11D3-BF4B-00C04F79EFBC}") = "calculadora", "calculadora\calculadora.csproj", "{6615C8DC-A45A-42EE-B241-EB3FE9E5068C}"
EndProject
Global
	GlobalSection(SolutionConfigurationPlatforms) = preSolution
		Debug|Any CPU = Debug|Any CPU
		Release|Any CPU = Release|Any CPU
	EndGlobalSection
	GlobalSection(ProjectConfigurationPlatforms) = postSolution
		{6615C8DC-A45A-42EE-B241-EB3FE9E5068C}.Debug|Any CPU.ActiveCfg = Debug|Any CPU
		{6615C8DC-A45A-42EE-B241-EB3FE9E5068C}.Debug|Any CPU.Build.0 = Debug|Any CPU
		{6615C8DC-A45A-42EE-B241-EB3FE9E5068C}.Release|Any CPU.ActiveCfg = Release|Any CPU
		{6615C8DC-A45A-42EE-B241-EB3FE9E5068C}.Release|Any CPU.Build.0 = Release|Any CPU
	EndGlobalSection
	GlobalSection(SolutionProperties) = preSolution
		HideSolutionNode = FALSE
	EndGlobalSection
	GlobalSection(ExtensibilityGlobals) = postSolution
		SolutionGuid = {722CDA7E-E125-46CB-8508-C326FE6556E3}
	EndGlobalSection
EndGlobal
